// !$*UTF8*$!
{
	archiveVersion = 1;
	classes = {
	};
	objectVersion = 50;
	objects = {

/* Begin PBXBuildFile section */
		AC14536E2439DB0D006DEEB7 /* AppDelegate.swift in Sources */ = {isa = PBXBuildFile; fileRef = AC14536D2439DB0D006DEEB7 /* AppDelegate.swift */; };
		AC1453722439DB0D006DEEB7 /* ViewController.swift in Sources */ = {isa = PBXBuildFile; fileRef = AC1453712439DB0D006DEEB7 /* ViewController.swift */; };
		AC1453752439DB0D006DEEB7 /* Main.storyboard in Resources */ = {isa = PBXBuildFile; fileRef = AC1453732439DB0D006DEEB7 /* Main.storyboard */; };
		AC1453772439DB0E006DEEB7 /* Assets.xcassets in Resources */ = {isa = PBXBuildFile; fileRef = AC1453762439DB0E006DEEB7 /* Assets.xcassets */; };
		AC14537A2439DB0E006DEEB7 /* LaunchScreen.storyboard in Resources */ = {isa = PBXBuildFile; fileRef = AC1453782439DB0E006DEEB7 /* LaunchScreen.storyboard */; };
		AC1453832439DB61006DEEB7 /* ZmgTools.swift in Sources */ = {isa = PBXBuildFile; fileRef = AC1453822439DB61006DEEB7 /* ZmgTools.swift */; };
/* End PBXBuildFile section */

/* Begin PBXFileReference section */
		AC14536A2439DB0D006DEEB7 /* ZmgLib.app */ = {isa = PBXFileReference; explicitFileType = wrapper.application; includeInIndex = 0; path = ZmgLib.app; sourceTree = BUILT_PRODUCTS_DIR; };
		AC14536D2439DB0D006DEEB7 /* AppDelegate.swift */ = {isa = PBXFileReference; lastKnownFileType = sourcecode.swift; path = AppDelegate.swift; sourceTree = "<group>"; };
		AC1453712439DB0D006DEEB7 /* ViewController.swift */ = {isa = PBXFileReference; lastKnownFileType = sourcecode.swift; path = ViewController.swift; sourceTree = "<group>"; };
		AC1453742439DB0D006DEEB7 /* Base */ = {isa = PBXFileReference; lastKnownFileType = file.storyboard; name = Base; path = Base.lproj/Main.storyboard; sourceTree = "<group>"; };
		AC1453762439DB0E006DEEB7 /* Assets.xcassets */ = {isa = PBXFileReference; lastKnownFileType = folder.assetcatalog; path = Assets.xcassets; sourceTree = "<group>"; };
		AC1453792439DB0E006DEEB7 /* Base */ = {isa = PBXFileReference; lastKnownFileType = file.storyboard; name = Base; path = Base.lproj/LaunchScreen.storyboard; sourceTree = "<group>"; };
		AC14537B2439DB0F006DEEB7 /* Info.plist */ = {isa = PBXFileReference; lastKnownFileType = text.plist.xml; path = Info.plist; sourceTree = "<group>"; };
		AC1453822439DB61006DEEB7 /* ZmgTools.swift */ = {isa = PBXFileReference; lastKnownFileType = sourcecode.swift; path = ZmgTools.swift; sourceTree = "<group>"; };
/* End PBXFileReference section */

/* Begin PBXFrameworksBuildPhase section */
		AC1453672439DB0D006DEEB7 /* Frameworks */ = {
			isa = PBXFrameworksBuildPhase;
			buildActionMask = 2147483647;
			files = (
			);
			runOnlyForDeploymentPostprocessing = 0;
		};
/* End PBXFrameworksBuildPhase section */

/* Begin PBXGroup section */
		AC1453612439DB0D006DEEB7 = {
			isa = PBXGroup;
			children = (
				AC14536C2439DB0D006DEEB7 /* ZmgLib */,
				AC14536B2439DB0D006DEEB7 /* Products */,
			);
			sourceTree = "<group>";
		};
		AC14536B2439DB0D006DEEB7 /* Products */ = {
			isa = PBXGroup;
			children = (
				AC14536A2439DB0D006DEEB7 /* ZmgLib.app */,
			);
			name = Products;
			sourceTree = "<group>";
		};
		AC14536C2439DB0D006DEEB7 /* ZmgLib */ = {
			isa = PBXGroup;
			children = (
				AC1453812439DB45006DEEB7 /* Classes */,
				AC14536D2439DB0D006DEEB7 /* AppDelegate.swift */,
				AC1453712439DB0D006DEEB7 /* ViewController.swift */,
				AC1453732439DB0D006DEEB7 /* Main.storyboard */,
				AC1453762439DB0E006DEEB7 /* Assets.xcassets */,
				AC1453782439DB0E006DEEB7 /* LaunchScreen.storyboard */,
				AC14537B2439DB0F006DEEB7 /* Info.plist */,
			);
			path = ZmgLib;
			sourceTree = "<group>";
		};
		AC1453812439DB45006DEEB7 /* Classes */ = {
			isa = PBXGroup;
			children = (
				AC1453822439DB61006DEEB7 /* ZmgTools.swift */,
			);
			path = Classes;
			sourceTree = "<group>";
		};
/* End PBXGroup section */

/* Begin PBXNativeTarget section */
		AC1453692439DB0D006DEEB7 /* ZmgLib */ = {
			isa = PBXNativeTarget;
			buildConfigurationList = AC14537E2439DB0F006DEEB7 /* Build configuration list for PBXNativeTarget "ZmgLib" */;
			buildPhases = (
				AC1453662439DB0D006DEEB7 /* Sources */,
				AC1453672439DB0D006DEEB7 /* Frameworks */,
				AC1453682439DB0D006DEEB7 /* Resources */,
			);
			buildRules = (
			);
			dependencies = (
			);
			name = ZmgLib;
			productName = ZmgLib;
			productReference = AC14536A2439DB0D006DEEB7 /* ZmgLib.app */;
			productType = "com.apple.product-type.application";
		};
/* End PBXNativeTarget section */

/* Begin PBXProject section */
		AC1453622439DB0D006DEEB7 /* Project object */ = {
			isa = PBXProject;
			attributes = {
				LastSwiftUpdateCheck = 1140;
				LastUpgradeCheck = 1140;
				ORGANIZATIONNAME = zmg.lib;
				TargetAttributes = {
					AC1453692439DB0D006DEEB7 = {
						CreatedOnToolsVersion = 11.4;
					};
				};
			};
			buildConfigurationList = AC1453652439DB0D006DEEB7 /* Build configuration list for PBXProject "ZmgLib" */;
			compatibilityVersion = "Xcode 9.3";
			developmentRegion = en;
			hasScannedForEncodings = 0;
			knownRegions = (
				en,
				Base,
			);
			mainGroup = AC1453612439DB0D006DEEB7;
			productRefGroup = AC14536B2439DB0D006DEEB7 /* Products */;
			projectDirPath = "";
			projectRoot = "";
			targets = (
				AC1453692439DB0D006DEEB7 /* ZmgLib */,
			);
		};
/* End PBXProject section */

/* Begin PBXResourcesBuildPhase section */
		AC1453682439DB0D006DEEB7 /* Resources */ = {
			isa = PBXResourcesBuildPhase;
			buildActionMask = 2147483647;
			files = (
				AC14537A2439DB0E006DEEB7 /* LaunchScreen.storyboard in Resources */,
				AC1453772439DB0E006DEEB7 /* Assets.xcassets in Resources */,
				AC1453752439DB0D006DEEB7 /* Main.storyboard in Resources */,
			);
			runOnlyForDeploymentPostprocessing = 0;
		};
/* End PBXResourcesBuildPhase section */

/* Begin PBXSourcesBuildPhase section */
		AC1453662439DB0D006DEEB7 /* Sources */ = {
			isa = PBXSourcesBuildPhase;
			buildActionMask = 2147483647;
			files = (
				AC1453832439DB61006DEEB7 /* ZmgTools.swift in Sources */,
				AC1453722439DB0D006DEEB7 /* ViewController.swift in Sources */,
				AC14536E2439DB0D006DEEB7 /* AppDelegate.swift in Sources */,
			);
			runOnlyForDeploymentPostprocessing = 0;
		};
/* End PBXSourcesBuildPhase section */

/* Begin PBXVariantGroup section */
		AC1453732439DB0D006DEEB7 /* Main.storyboard */ = {
			isa = PBXVariantGroup;
			children = (
				AC1453742439DB0D006DEEB7 /* Base */,
			);
			name = Main.storyboard;
			sourceTree = "<group>";
		};
		AC1453782439DB0E006DEEB7 /* LaunchScreen.storyboard */ = {
			isa = PBXVariantGroup;
			children = (
				AC1453792439DB0E006DEEB7 /* Base */,
			);
			name = LaunchScreen.storyboard;
			sourceTree = "<group>";
		};
/* End PBXVariantGroup section */

/* Begin XCBuildConfiguration section */
		AC14537C2439DB0F006DEEB7 /* Debug */ = {
			isa = XCBuildConfiguration;
			buildSettings = {
				ALWAYS_SEARCH_USER_PATHS = NO;
				CLANG_ANALYZER_NONNULL = YES;
				CLANG_ANALYZER_NUMBER_OBJECT_CONVERSION = YES_AGGRESSIVE;
				CLANG_CXX_LANGUAGE_STANDARD = "gnu++14";
				CLANG_CXX_LIBRARY = "libc++";
				CLANG_ENABLE_MODULES = YES;
				CLANG_ENABLE_OBJC_ARC = YES;
				CLANG_ENABLE_OBJC_WEAK = YES;
				CLANG_WARN_BLOCK_CAPTURE_AUTORELEASING = YES;
				CLANG_WARN_BOOL_CONVERSION = YES;
				CLANG_WARN_COMMA = YES;
				CLANG_WARN_CONSTANT_CONVERSION = YES;
				CLANG_WARN_DEPRECATED_OBJC_IMPLEMENTATIONS = YES;
				CLANG_WARN_DIRECT_OBJC_ISA_USAGE = YES_ERROR;
				CLANG_WARN_DOCUMENTATION_COMMENTS = YES;
				CLANG_WARN_EMPTY_BODY = YES;
				CLANG_WARN_ENUM_CONVERSION = YES;
				CLANG_WARN_INFINITE_RECURSION = YES;
				CLANG_WARN_INT_CONVERSION = YES;
				CLANG_WARN_NON_LITERAL_NULL_CONVERSION = YES;
				CLANG_WARN_OBJC_IMPLICIT_RETAIN_SELF = YES;
				CLANG_WARN_OBJC_LITERAL_CONVERSION = YES;
				CLANG_WARN_OBJC_ROOT_CLASS = YES_ERROR;
				CLANG_WARN_RANGE_LOOP_ANALYSIS = YES;
				CLANG_WARN_STRICT_PROTOTYPES = YES;
				CLANG_WARN_SUSPICIOUS_MOVE = YES;
				CLANG_WARN_UNGUARDED_AVAILABILITY = YES_AGGRESSIVE;
				CLANG_WARN_UNREACHABLE_CODE = YES;
				CLANG_WARN__DUPLICATE_METHOD_MATCH = YES;
				COPY_PHASE_STRIP = NO;
				DEBUG_INFORMATION_FORMAT = dwarf;
				ENABLE_STRICT_OBJC_MSGSEND = YES;
				ENABLE_TESTABILITY = YES;
				GCC_C_LANGUAGE_STANDARD = gnu11;
				GCC_DYNAMIC_NO_PIC = NO;
				GCC_NO_COMMON_BLOCKS = YES;
				GCC_OPTIMIZATION_LEVEL = 0;
				GCC_PREPROCESSOR_DEFINITIONS = (
					"DEBUG=1",
					"$(inherited)",
				);
				GCC_WARN_64_TO_32_BIT_CONVERSION = YES;
				GCC_WARN_ABOUT_RETURN_TYPE = YES_ERROR;
				GCC_WARN_UNDECLARED_SELECTOR = YES;
				GCC_WARN_UNINITIALIZED_AUTOS = YES_AGGRESSIVE;
				GCC_WARN_UNUSED_FUNCTION = YES;
				GCC_WARN_UNUSED_VARIABLE = YES;
				IPHONEOS_DEPLOYMENT_TARGET = 10.0;
				MTL_ENABLE_DEBUG_INFO = INCLUDE_SOURCE;
				MTL_FAST_MATH = YES;
				ONLY_ACTIVE_ARCH = YES;
				SDKROOT = iphoneos;
				SWIFT_ACTIVE_COMPILATION_CONDITIONS = DEBUG;
				SWIFT_OPTIMIZATION_LEVEL = "-Onone";
			};
			name = Debug;
		};
		AC14537D2439DB0F006DEEB7 /* Release */ = {
			isa = XCBuildConfiguration;
			buildSettings = {
				ALWAYS_SEARCH_USER_PATHS = NO;
				CLANG_ANALYZER_NONNULL = YES;
				CLANG_ANALYZER_NUMBER_OBJECT_CONVERSION = YES_AGGRESSIVE;
				CLANG_CXX_LANGUAGE_STANDARD = "gnu++14";
				CLANG_CXX_LIBRARY = "libc++";
				CLANG_ENABLE_MODULES = YES;
				CLANG_ENABLE_OBJC_ARC = YES;
				CLANG_ENABLE_OBJC_WEAK = YES;
				CLANG_WARN_BLOCK_CAPTURE_AUTORELEASING = YES;
				CLANG_WARN_BOOL_CONVERSION = YES;
				CLANG_WARN_COMMA = YES;
				CLANG_WARN_CONSTANT_CONVERSION = YES;
				CLANG_WARN_DEPRECATED_OBJC_IMPLEMENTATIONS = YES;
				CLANG_WARN_DIRECT_OBJC_ISA_USAGE = YES_ERROR;
				CLANG_WARN_DOCUMENTATION_COMMENTS = YES;
				CLANG_WARN_EMPTY_BODY = YES;
				CLANG_WARN_ENUM_CONVERSION = YES;
				CLANG_WARN_INFINITE_RECURSION = YES;
				CLANG_WARN_INT_CONVERSION = YES;
				CLANG_WARN_NON_LITERAL_NULL_CONVERSION = YES;
				CLANG_WARN_OBJC_IMPLICIT_RETAIN_SELF = YES;
				CLANG_WARN_OBJC_LITERAL_CONVERSION = YES;
				CLANG_WARN_OBJC_ROOT_CLASS = YES_ERROR;
				CLANG_WARN_RANGE_LOOP_ANALYSIS = YES;
				CLANG_WARN_STRICT_PROTOTYPES = YES;
				CLANG_WARN_SUSPICIOUS_MOVE = YES;
				CLANG_WARN_UNGUARDED_AVAILABILITY = YES_AGGRESSIVE;
				CLANG_WARN_UNREACHABLE_CODE = YES;
				CLANG_WARN__DUPLICATE_METHOD_MATCH = YES;
				COPY_PHASE_STRIP = NO;
				DEBUG_INFORMATION_FORMAT = "dwarf-with-dsym";
				ENABLE_NS_ASSERTIONS = NO;
				ENABLE_STRICT_OBJC_MSGSEND = YES;
				GCC_C_LANGUAGE_STANDARD = gnu11;
				GCC_NO_COMMON_BLOCKS = YES;
				GCC_WARN_64_TO_32_BIT_CONVERSION = YES;
				GCC_WARN_ABOUT_RETURN_TYPE = YES_ERROR;
				GCC_WARN_UNDECLARED_SELECTOR = YES;
				GCC_WARN_UNINITIALIZED_AUTOS = YES_AGGRESSIVE;
				GCC_WARN_UNUSED_FUNCTION = YES;
				GCC_WARN_UNUSED_VARIABLE = YES;
				IPHONEOS_DEPLOYMENT_TARGET = 10.0;
				MTL_ENABLE_DEBUG_INFO = NO;
				MTL_FAST_MATH = YES;
				SDKROOT = iphoneos;
				SWIFT_COMPILATION_MODE = wholemodule;
				SWIFT_OPTIMIZATION_LEVEL = "-O";
				VALIDATE_PRODUCT = YES;
			};
			name = Release;
		};
		AC14537F2439DB0F006DEEB7 /* Debug */ = {
			isa = XCBuildConfiguration;
			buildSettings = {
				ASSETCATALOG_COMPILER_APPICON_NAME = AppIcon;
				CODE_SIGN_STYLE = Automatic;
				INFOPLIST_FILE = ZmgLib/Info.plist;
				LD_RUNPATH_SEARCH_PATHS = (
					"$(inherited)",
					"@executable_path/Frameworks",
				);
				PRODUCT_BUNDLE_IDENTIFIER = com.zmg.pod.ZmgLib;
				PRODUCT_NAME = "$(TARGET_NAME)";
				SWIFT_VERSION = 5.0;
				TARGETED_DEVICE_FAMILY = "1,2";
			};
			name = Debug;
		};
		AC1453802439DB0F006DEEB7 /* Release */ = {
			isa = XCBuildConfiguration;
			buildSettings = {
				ASSETCATALOG_COMPILER_APPICON_NAME = AppIcon;
				CODE_SIGN_STYLE = Automatic;
				INFOPLIST_FILE = ZmgLib/Info.plist;
				LD_RUNPATH_SEARCH_PATHS = (
					"$(inherited)",
					"@executable_path/Frameworks",
				);
				PRODUCT_BUNDLE_IDENTIFIER = com.zmg.pod.ZmgLib;
				PRODUCT_NAME = "$(TARGET_NAME)";
				SWIFT_VERSION = 5.0;
				TARGETED_DEVICE_FAMILY = "1,2";
			};
			name = Release;
		};
/* End XCBuildConfiguration section */

/* Begin XCConfigurationList section */
		AC1453652439DB0D006DEEB7 /* Build configuration list for PBXProject "ZmgLib" */ = {
			isa = XCConfigurationList;
			buildConfigurations = (
				AC14537C2439DB0F006DEEB7 /* Debug */,
				AC14537D2439DB0F006DEEB7 /* Release */,
			);
			defaultConfigurationIsVisible = 0;
			defaultConfigurationName = Release;
		};
		AC14537E2439DB0F006DEEB7 /* Build configuration list for PBXNativeTarget "ZmgLib" */ = {
			isa = XCConfigurationList;
			buildConfigurations = (
				AC14537F2439DB0F006DEEB7 /* Debug */,
				AC1453802439DB0F006DEEB7 /* Release */,
			);
			defaultConfigurationIsVisible = 0;
			defaultConfigurationName = Release;
		};
/* End XCConfigurationList section */
	};
	rootObject = AC1453622439DB0D006DEEB7 /* Project object */;
}
